// !$*UTF8*$!
{
	archiveVersion = 1;
	classes = {
	};
	objectVersion = 48;
	objects = {

/* Begin PBXBuildFile section */
		F5A10FAC2034997200CFA307 /* AppDelegate.swift in Sources */ = {isa = PBXBuildFile; fileRef = F5A10FAB2034997200CFA307 /* AppDelegate.swift */; };
		F5A10FAE2034997200CFA307 /* ViewController.swift in Sources */ = {isa = PBXBuildFile; fileRef = F5A10FAD2034997200CFA307 /* ViewController.swift */; };
		F5A10FB12034997200CFA307 /* Main.storyboard in Resources */ = {isa = PBXBuildFile; fileRef = F5A10FAF2034997200CFA307 /* Main.storyboard */; };
		F5A10FB32034997200CFA307 /* Assets.xcassets in Resources */ = {isa = PBXBuildFile; fileRef = F5A10FB22034997200CFA307 /* Assets.xcassets */; };
		F5A10FB62034997200CFA307 /* LaunchScreen.storyboard in Resources */ = {isa = PBXBuildFile; fileRef = F5A10FB42034997200CFA307 /* LaunchScreen.storyboard */; };
		F5A10FC12034997200CFA307 /* colouredWordTests.swift in Sources */ = {isa = PBXBuildFile; fileRef = F5A10FC02034997200CFA307 /* colouredWordTests.swift */; };
		F5A10FCC2034997200CFA307 /* colouredWordUITests.swift in Sources */ = {isa = PBXBuildFile; fileRef = F5A10FCB2034997200CFA307 /* colouredWordUITests.swift */; };
/* End PBXBuildFile section */

/* Begin PBXContainerItemProxy section */
		F5A10FBD2034997200CFA307 /* PBXContainerItemProxy */ = {
			isa = PBXContainerItemProxy;
			containerPortal = F5A10FA02034997200CFA307 /* Project object */;
			proxyType = 1;
			remoteGlobalIDString = F5A10FA72034997200CFA307;
			remoteInfo = colouredWord;
		};
		F5A10FC82034997200CFA307 /* PBXContainerItemProxy */ = {
			isa = PBXContainerItemProxy;
			containerPortal = F5A10FA02034997200CFA307 /* Project object */;
			proxyType = 1;
			remoteGlobalIDString = F5A10FA72034997200CFA307;
			remoteInfo = colouredWord;
		};
/* End PBXContainerItemProxy section */

/* Begin PBXFileReference section */
		F5A10FA82034997200CFA307 /* colouredWord.app */ = {isa = PBXFileReference; explicitFileType = wrapper.application; includeInIndex = 0; path = colouredWord.app; sourceTree = BUILT_PRODUCTS_DIR; };
		F5A10FAB2034997200CFA307 /* AppDelegate.swift */ = {isa = PBXFileReference; lastKnownFileType = sourcecode.swift; path = AppDelegate.swift; sourceTree = "<group>"; };
		F5A10FAD2034997200CFA307 /* ViewController.swift */ = {isa = PBXFileReference; lastKnownFileType = sourcecode.swift; path = ViewController.swift; sourceTree = "<group>"; };
		F5A10FB02034997200CFA307 /* Base */ = {isa = PBXFileReference; lastKnownFileType = file.storyboard; name = Base; path = Base.lproj/Main.storyboard; sourceTree = "<group>"; };
		F5A10FB22034997200CFA307 /* Assets.xcassets */ = {isa = PBXFileReference; lastKnownFileType = folder.assetcatalog; path = Assets.xcassets; sourceTree = "<group>"; };
		F5A10FB52034997200CFA307 /* Base */ = {isa = PBXFileReference; lastKnownFileType = file.storyboard; name = Base; path = Base.lproj/LaunchScreen.storyboard; sourceTree = "<group>"; };
		F5A10FB72034997200CFA307 /* Info.plist */ = {isa = PBXFileReference; lastKnownFileType = text.plist.xml; path = Info.plist; sourceTree = "<group>"; };
		F5A10FBC2034997200CFA307 /* colouredWordTests.xctest */ = {isa = PBXFileReference; explicitFileType = wrapper.cfbundle; includeInIndex = 0; path = colouredWordTests.xctest; sourceTree = BUILT_PRODUCTS_DIR; };
		F5A10FC02034997200CFA307 /* colouredWordTests.swift */ = {isa = PBXFileReference; lastKnownFileType = sourcecode.swift; path = colouredWordTests.swift; sourceTree = "<group>"; };
		F5A10FC22034997200CFA307 /* Info.plist */ = {isa = PBXFileReference; lastKnownFileType = text.plist.xml; path = Info.plist; sourceTree = "<group>"; };
		F5A10FC72034997200CFA307 /* colouredWordUITests.xctest */ = {isa = PBXFileReference; explicitFileType = wrapper.cfbundle; includeInIndex = 0; path = colouredWordUITests.xctest; sourceTree = BUILT_PRODUCTS_DIR; };
		F5A10FCB2034997200CFA307 /* colouredWordUITests.swift */ = {isa = PBXFileReference; lastKnownFileType = sourcecode.swift; path = colouredWordUITests.swift; sourceTree = "<group>"; };
		F5A10FCD2034997200CFA307 /* Info.plist */ = {isa = PBXFileReference; lastKnownFileType = text.plist.xml; path = Info.plist; sourceTree = "<group>"; };
/* End PBXFileReference section */

/* Begin PBXFrameworksBuildPhase section */
		F5A10FA52034997200CFA307 /* Frameworks */ = {
			isa = PBXFrameworksBuildPhase;
			buildActionMask = 2147483647;
			files = (
			);
			runOnlyForDeploymentPostprocessing = 0;
		};
		F5A10FB92034997200CFA307 /* Frameworks */ = {
			isa = PBXFrameworksBuildPhase;
			buildActionMask = 2147483647;
			files = (
			);
			runOnlyForDeploymentPostprocessing = 0;
		};
		F5A10FC42034997200CFA307 /* Frameworks */ = {
			isa = PBXFrameworksBuildPhase;
			buildActionMask = 2147483647;
			files = (
			);
			runOnlyForDeploymentPostprocessing = 0;
		};
/* End PBXFrameworksBuildPhase section */

/* Begin PBXGroup section */
		F5A10F9F2034997200CFA307 = {
			isa = PBXGroup;
			children = (
				F5A10FAA2034997200CFA307 /* colouredWord */,
				F5A10FBF2034997200CFA307 /* colouredWordTests */,
				F5A10FCA2034997200CFA307 /* colouredWordUITests */,
				F5A10FA92034997200CFA307 /* Products */,
			);
			sourceTree = "<group>";
		};
		F5A10FA92034997200CFA307 /* Products */ = {
			isa = PBXGroup;
			children = (
				F5A10FA82034997200CFA307 /* colouredWord.app */,
				F5A10FBC2034997200CFA307 /* colouredWordTests.xctest */,
				F5A10FC72034997200CFA307 /* colouredWordUITests.xctest */,
			);
			name = Products;
			sourceTree = "<group>";
		};
		F5A10FAA2034997200CFA307 /* colouredWord */ = {
			isa = PBXGroup;
			children = (
				F5A10FAB2034997200CFA307 /* AppDelegate.swift */,
				F5A10FAD2034997200CFA307 /* ViewController.swift */,
				F5A10FAF2034997200CFA307 /* Main.storyboard */,
				F5A10FB22034997200CFA307 /* Assets.xcassets */,
				F5A10FB42034997200CFA307 /* LaunchScreen.storyboard */,
				F5A10FB72034997200CFA307 /* Info.plist */,
			);
			path = colouredWord;
			sourceTree = "<group>";
		};
		F5A10FBF2034997200CFA307 /* colouredWordTests */ = {
			isa = PBXGroup;
			children = (
				F5A10FC02034997200CFA307 /* colouredWordTests.swift */,
				F5A10FC22034997200CFA307 /* Info.plist */,
			);
			path = colouredWordTests;
			sourceTree = "<group>";
		};
		F5A10FCA2034997200CFA307 /* colouredWordUITests */ = {
			isa = PBXGroup;
			children = (
				F5A10FCB2034997200CFA307 /* colouredWordUITests.swift */,
				F5A10FCD2034997200CFA307 /* Info.plist */,
			);
			path = colouredWordUITests;
			sourceTree = "<group>";
		};
/* End PBXGroup section */

/* Begin PBXNativeTarget section */
		F5A10FA72034997200CFA307 /* colouredWord */ = {
			isa = PBXNativeTarget;
			buildConfigurationList = F5A10FD02034997200CFA307 /* Build configuration list for PBXNativeTarget "colouredWord" */;
			buildPhases = (
				F5A10FA42034997200CFA307 /* Sources */,
				F5A10FA52034997200CFA307 /* Frameworks */,
				F5A10FA62034997200CFA307 /* Resources */,
			);
			buildRules = (
			);
			dependencies = (
			);
			name = colouredWord;
			productName = colouredWord;
			productReference = F5A10FA82034997200CFA307 /* colouredWord.app */;
			productType = "com.apple.product-type.application";
		};
		F5A10FBB2034997200CFA307 /* colouredWordTests */ = {
			isa = PBXNativeTarget;
			buildConfigurationList = F5A10FD32034997200CFA307 /* Build configuration list for PBXNativeTarget "colouredWordTests" */;
			buildPhases = (
				F5A10FB82034997200CFA307 /* Sources */,
				F5A10FB92034997200CFA307 /* Frameworks */,
				F5A10FBA2034997200CFA307 /* Resources */,
			);
			buildRules = (
			);
			dependencies = (
				F5A10FBE2034997200CFA307 /* PBXTargetDependency */,
			);
			name = colouredWordTests;
			productName = colouredWordTests;
			productReference = F5A10FBC2034997200CFA307 /* colouredWordTests.xctest */;
			productType = "com.apple.product-type.bundle.unit-test";
		};
		F5A10FC62034997200CFA307 /* colouredWordUITests */ = {
			isa = PBXNativeTarget;
			buildConfigurationList = F5A10FD62034997200CFA307 /* Build configuration list for PBXNativeTarget "colouredWordUITests" */;
			buildPhases = (
				F5A10FC32034997200CFA307 /* Sources */,
				F5A10FC42034997200CFA307 /* Frameworks */,
				F5A10FC52034997200CFA307 /* Resources */,
			);
			buildRules = (
			);
			dependencies = (
				F5A10FC92034997200CFA307 /* PBXTargetDependency */,
			);
			name = colouredWordUITests;
			productName = colouredWordUITests;
			productReference = F5A10FC72034997200CFA307 /* colouredWordUITests.xctest */;
			productType = "com.apple.product-type.bundle.ui-testing";
		};
/* End PBXNativeTarget section */

/* Begin PBXProject section */
		F5A10FA02034997200CFA307 /* Project object */ = {
			isa = PBXProject;
			attributes = {
				LastSwiftUpdateCheck = 0920;
				LastUpgradeCheck = 0920;
				ORGANIZATIONNAME = "Antonio Giaquinto";
				TargetAttributes = {
					F5A10FA72034997200CFA307 = {
						CreatedOnToolsVersion = 9.2;
						ProvisioningStyle = Automatic;
					};
					F5A10FBB2034997200CFA307 = {
						CreatedOnToolsVersion = 9.2;
						ProvisioningStyle = Automatic;
						TestTargetID = F5A10FA72034997200CFA307;
					};
					F5A10FC62034997200CFA307 = {
						CreatedOnToolsVersion = 9.2;
						ProvisioningStyle = Automatic;
						TestTargetID = F5A10FA72034997200CFA307;
					};
				};
			};
			buildConfigurationList = F5A10FA32034997200CFA307 /* Build configuration list for PBXProject "colouredWord" */;
			compatibilityVersion = "Xcode 8.0";
			developmentRegion = en;
			hasScannedForEncodings = 0;
			knownRegions = (
				en,
				Base,
			);
			mainGroup = F5A10F9F2034997200CFA307;
			productRefGroup = F5A10FA92034997200CFA307 /* Products */;
			projectDirPath = "";
			projectRoot = "";
			targets = (
				F5A10FA72034997200CFA307 /* colouredWord */,
				F5A10FBB2034997200CFA307 /* colouredWordTests */,
				F5A10FC62034997200CFA307 /* colouredWordUITests */,
			);
		};
/* End PBXProject section */

/* Begin PBXResourcesBuildPhase section */
		F5A10FA62034997200CFA307 /* Resources */ = {
			isa = PBXResourcesBuildPhase;
			buildActionMask = 2147483647;
			files = (
				F5A10FB62034997200CFA307 /* LaunchScreen.storyboard in Resources */,
				F5A10FB32034997200CFA307 /* Assets.xcassets in Resources */,
				F5A10FB12034997200CFA307 /* Main.storyboard in Resources */,
			);
			runOnlyForDeploymentPostprocessing = 0;
		};
		F5A10FBA2034997200CFA307 /* Resources */ = {
			isa = PBXResourcesBuildPhase;
			buildActionMask = 2147483647;
			files = (
			);
			runOnlyForDeploymentPostprocessing = 0;
		};
		F5A10FC52034997200CFA307 /* Resources */ = {
			isa = PBXResourcesBuildPhase;
			buildActionMask = 2147483647;
			files = (
			);
			runOnlyForDeploymentPostprocessing = 0;
		};
/* End PBXResourcesBuildPhase section */

/* Begin PBXSourcesBuildPhase section */
		F5A10FA42034997200CFA307 /* Sources */ = {
			isa = PBXSourcesBuildPhase;
			buildActionMask = 2147483647;
			files = (
				F5A10FAE2034997200CFA307 /* ViewController.swift in Sources */,
				F5A10FAC2034997200CFA307 /* AppDelegate.swift in Sources */,
			);
			runOnlyForDeploymentPostprocessing = 0;
		};
		F5A10FB82034997200CFA307 /* Sources */ = {
			isa = PBXSourcesBuildPhase;
			buildActionMask = 2147483647;
			files = (
				F5A10FC12034997200CFA307 /* colouredWordTests.swift in Sources */,
			);
			runOnlyForDeploymentPostprocessing = 0;
		};
		F5A10FC32034997200CFA307 /* Sources */ = {
			isa = PBXSourcesBuildPhase;
			buildActionMask = 2147483647;
			files = (
				F5A10FCC2034997200CFA307 /* colouredWordUITests.swift in Sources */,
			);
			runOnlyForDeploymentPostprocessing = 0;
		};
/* End PBXSourcesBuildPhase section */

/* Begin PBXTargetDependency section */
		F5A10FBE2034997200CFA307 /* PBXTargetDependency */ = {
			isa = PBXTargetDependency;
			target = F5A10FA72034997200CFA307 /* colouredWord */;
			targetProxy = F5A10FBD2034997200CFA307 /* PBXContainerItemProxy */;
		};
		F5A10FC92034997200CFA307 /* PBXTargetDependency */ = {
			isa = PBXTargetDependency;
			target = F5A10FA72034997200CFA307 /* colouredWord */;
			targetProxy = F5A10FC82034997200CFA307 /* PBXContainerItemProxy */;
		};
/* End PBXTargetDependency section */

/* Begin PBXVariantGroup section */
		F5A10FAF2034997200CFA307 /* Main.storyboard */ = {
			isa = PBXVariantGroup;
			children = (
				F5A10FB02034997200CFA307 /* Base */,
			);
			name = Main.storyboard;
			sourceTree = "<group>";
		};
		F5A10FB42034997200CFA307 /* LaunchScreen.storyboard */ = {
			isa = PBXVariantGroup;
			children = (
				F5A10FB52034997200CFA307 /* Base */,
			);
			name = LaunchScreen.storyboard;
			sourceTree = "<group>";
		};
/* End PBXVariantGroup section */

/* Begin XCBuildConfiguration section */
		F5A10FCE2034997200CFA307 /* Debug */ = {
			isa = XCBuildConfiguration;
			buildSettings = {
				ALWAYS_SEARCH_USER_PATHS = NO;
				CLANG_ANALYZER_NONNULL = YES;
				CLANG_ANALYZER_NUMBER_OBJECT_CONVERSION = YES_AGGRESSIVE;
				CLANG_CXX_LANGUAGE_STANDARD = "gnu++14";
				CLANG_CXX_LIBRARY = "libc++";
				CLANG_ENABLE_MODULES = YES;
				CLANG_ENABLE_OBJC_ARC = YES;
				CLANG_WARN_BLOCK_CAPTURE_AUTORELEASING = YES;
				CLANG_WARN_BOOL_CONVERSION = YES;
				CLANG_WARN_COMMA = YES;
				CLANG_WARN_CONSTANT_CONVERSION = YES;
				CLANG_WARN_DIRECT_OBJC_ISA_USAGE = YES_ERROR;
				CLANG_WARN_DOCUMENTATION_COMMENTS = YES;
				CLANG_WARN_EMPTY_BODY = YES;
				CLANG_WARN_ENUM_CONVERSION = YES;
				CLANG_WARN_INFINITE_RECURSION = YES;
				CLANG_WARN_INT_CONVERSION = YES;
				CLANG_WARN_NON_LITERAL_NULL_CONVERSION = YES;
				CLANG_WARN_OBJC_LITERAL_CONVERSION = YES;
				CLANG_WARN_OBJC_ROOT_CLASS = YES_ERROR;
				CLANG_WARN_RANGE_LOOP_ANALYSIS = YES;
				CLANG_WARN_STRICT_PROTOTYPES = YES;
				CLANG_WARN_SUSPICIOUS_MOVE = YES;
				CLANG_WARN_UNGUARDED_AVAILABILITY = YES_AGGRESSIVE;
				CLANG_WARN_UNREACHABLE_CODE = YES;
				CLANG_WARN__DUPLICATE_METHOD_MATCH = YES;
				CODE_SIGN_IDENTITY = "iPhone Developer";
				COPY_PHASE_STRIP = NO;
				DEBUG_INFORMATION_FORMAT = dwarf;
				ENABLE_STRICT_OBJC_MSGSEND = YES;
				ENABLE_TESTABILITY = YES;
				GCC_C_LANGUAGE_STANDARD = gnu11;
				GCC_DYNAMIC_NO_PIC = NO;
				GCC_NO_COMMON_BLOCKS = YES;
				GCC_OPTIMIZATION_LEVEL = 0;
				GCC_PREPROCESSOR_DEFINITIONS = (
					"DEBUG=1",
					"$(inherited)",
				);
				GCC_WARN_64_TO_32_BIT_CONVERSION = YES;
				GCC_WARN_ABOUT_RETURN_TYPE = YES_ERROR;
				GCC_WARN_UNDECLARED_SELECTOR = YES;
				GCC_WARN_UNINITIALIZED_AUTOS = YES_AGGRESSIVE;
				GCC_WARN_UNUSED_FUNCTION = YES;
				GCC_WARN_UNUSED_VARIABLE = YES;
				IPHONEOS_DEPLOYMENT_TARGET = 11.2;
				MTL_ENABLE_DEBUG_INFO = YES;
				ONLY_ACTIVE_ARCH = YES;
				SDKROOT = iphoneos;
				SWIFT_ACTIVE_COMPILATION_CONDITIONS = DEBUG;
				SWIFT_OPTIMIZATION_LEVEL = "-Onone";
			};
			name = Debug;
		};
		F5A10FCF2034997200CFA307 /* Release */ = {
			isa = XCBuildConfiguration;
			buildSettings = {
				ALWAYS_SEARCH_USER_PATHS = NO;
				CLANG_ANALYZER_NONNULL = YES;
				CLANG_ANALYZER_NUMBER_OBJECT_CONVERSION = YES_AGGRESSIVE;
				CLANG_CXX_LANGUAGE_STANDARD = "gnu++14";
				CLANG_CXX_LIBRARY = "libc++";
				CLANG_ENABLE_MODULES = YES;
				CLANG_ENABLE_OBJC_ARC = YES;
				CLANG_WARN_BLOCK_CAPTURE_AUTORELEASING = YES;
				CLANG_WARN_BOOL_CONVERSION = YES;
				CLANG_WARN_COMMA = YES;
				CLANG_WARN_CONSTANT_CONVERSION = YES;
				CLANG_WARN_DIRECT_OBJC_ISA_USAGE = YES_ERROR;
				CLANG_WARN_DOCUMENTATION_COMMENTS = YES;
				CLANG_WARN_EMPTY_BODY = YES;
				CLANG_WARN_ENUM_CONVERSION = YES;
				CLANG_WARN_INFINITE_RECURSION = YES;
				CLANG_WARN_INT_CONVERSION = YES;
				CLANG_WARN_NON_LITERAL_NULL_CONVERSION = YES;
				CLANG_WARN_OBJC_LITERAL_CONVERSION = YES;
				CLANG_WARN_OBJC_ROOT_CLASS = YES_ERROR;
				CLANG_WARN_RANGE_LOOP_ANALYSIS = YES;
				CLANG_WARN_STRICT_PROTOTYPES = YES;
				CLANG_WARN_SUSPICIOUS_MOVE = YES;
				CLANG_WARN_UNGUARDED_AVAILABILITY = YES_AGGRESSIVE;
				CLANG_WARN_UNREACHABLE_CODE = YES;
				CLANG_WARN__DUPLICATE_METHOD_MATCH = YES;
				CODE_SIGN_IDENTITY = "iPhone Developer";
				COPY_PHASE_STRIP = NO;
				DEBUG_INFORMATION_FORMAT = "dwarf-with-dsym";
				ENABLE_NS_ASSERTIONS = NO;
				ENABLE_STRICT_OBJC_MSGSEND = YES;
				GCC_C_LANGUAGE_STANDARD = gnu11;
				GCC_NO_COMMON_BLOCKS = YES;
				GCC_WARN_64_TO_32_BIT_CONVERSION = YES;
				GCC_WARN_ABOUT_RETURN_TYPE = YES_ERROR;
				GCC_WARN_UNDECLARED_SELECTOR = YES;
				GCC_WARN_UNINITIALIZED_AUTOS = YES_AGGRESSIVE;
				GCC_WARN_UNUSED_FUNCTION = YES;
				GCC_WARN_UNUSED_VARIABLE = YES;
				IPHONEOS_DEPLOYMENT_TARGET = 11.2;
				MTL_ENABLE_DEBUG_INFO = NO;
				SDKROOT = iphoneos;
				SWIFT_OPTIMIZATION_LEVEL = "-Owholemodule";
				VALIDATE_PRODUCT = YES;
			};
			name = Release;
		};
		F5A10FD12034997200CFA307 /* Debug */ = {
			isa = XCBuildConfiguration;
			buildSettings = {
				ASSETCATALOG_COMPILER_APPICON_NAME = AppIcon;
				CODE_SIGN_STYLE = Automatic;
				DEVELOPMENT_TEAM = 37V3WA9RMD;
				INFOPLIST_FILE = colouredWord/Info.plist;
				LD_RUNPATH_SEARCH_PATHS = "$(inherited) @executable_path/Frameworks";
				PRODUCT_BUNDLE_IDENTIFIER = KnightClub.colouredWord;
				PRODUCT_NAME = "$(TARGET_NAME)";
				SWIFT_VERSION = 4.0;
				TARGETED_DEVICE_FAMILY = "1,2";
			};
			name = Debug;
		};
		F5A10FD22034997200CFA307 /* Release */ = {
			isa = XCBuildConfiguration;
			buildSettings = {
				ASSETCATALOG_COMPILER_APPICON_NAME = AppIcon;
				CODE_SIGN_STYLE = Automatic;
				DEVELOPMENT_TEAM = 37V3WA9RMD;
				INFOPLIST_FILE = colouredWord/Info.plist;
				LD_RUNPATH_SEARCH_PATHS = "$(inherited) @executable_path/Frameworks";
				PRODUCT_BUNDLE_IDENTIFIER = KnightClub.colouredWord;
				PRODUCT_NAME = "$(TARGET_NAME)";
				SWIFT_VERSION = 4.0;
				TARGETED_DEVICE_FAMILY = "1,2";
			};
			name = Release;
		};
		F5A10FD42034997200CFA307 /* Debug */ = {
			isa = XCBuildConfiguration;
			buildSettings = {
				ALWAYS_EMBED_SWIFT_STANDARD_LIBRARIES = YES;
				BUNDLE_LOADER = "$(TEST_HOST)";
				CODE_SIGN_STYLE = Automatic;
				DEVELOPMENT_TEAM = 37V3WA9RMD;
				INFOPLIST_FILE = colouredWordTests/Info.plist;
				LD_RUNPATH_SEARCH_PATHS = "$(inherited) @executable_path/Frameworks @loader_path/Frameworks";
				PRODUCT_BUNDLE_IDENTIFIER = KnightClub.colouredWordTests;
				PRODUCT_NAME = "$(TARGET_NAME)";
				SWIFT_VERSION = 4.0;
				TARGETED_DEVICE_FAMILY = "1,2";
				TEST_HOST = "$(BUILT_PRODUCTS_DIR)/colouredWord.app/colouredWord";
			};
			name = Debug;
		};
		F5A10FD52034997200CFA307 /* Release */ = {
			isa = XCBuildConfiguration;
			buildSettings = {
				ALWAYS_EMBED_SWIFT_STANDARD_LIBRARIES = YES;
				BUNDLE_LOADER = "$(TEST_HOST)";
				CODE_SIGN_STYLE = Automatic;
				DEVELOPMENT_TEAM = 37V3WA9RMD;
				INFOPLIST_FILE = colouredWordTests/Info.plist;
				LD_RUNPATH_SEARCH_PATHS = "$(inherited) @executable_path/Frameworks @loader_path/Frameworks";
				PRODUCT_BUNDLE_IDENTIFIER = KnightClub.colouredWordTests;
				PRODUCT_NAME = "$(TARGET_NAME)";
				SWIFT_VERSION = 4.0;
				TARGETED_DEVICE_FAMILY = "1,2";
				TEST_HOST = "$(BUILT_PRODUCTS_DIR)/colouredWord.app/colouredWord";
			};
			name = Release;
		};
		F5A10FD72034997200CFA307 /* Debug */ = {
			isa = XCBuildConfiguration;
			buildSettings = {
				ALWAYS_EMBED_SWIFT_STANDARD_LIBRARIES = YES;
				CODE_SIGN_STYLE = Automatic;
				DEVELOPMENT_TEAM = 37V3WA9RMD;
				INFOPLIST_FILE = colouredWordUITests/Info.plist;
				LD_RUNPATH_SEARCH_PATHS = "$(inherited) @executable_path/Frameworks @loader_path/Frameworks";
				PRODUCT_BUNDLE_IDENTIFIER = KnightClub.colouredWordUITests;
				PRODUCT_NAME = "$(TARGET_NAME)";
				SWIFT_VERSION = 4.0;
				TARGETED_DEVICE_FAMILY = "1,2";
				TEST_TARGET_NAME = colouredWord;
			};
			name = Debug;
		};
		F5A10FD82034997200CFA307 /* Release */ = {
			isa = XCBuildConfiguration;
			buildSettings = {
				ALWAYS_EMBED_SWIFT_STANDARD_LIBRARIES = YES;
				CODE_SIGN_STYLE = Automatic;
				DEVELOPMENT_TEAM = 37V3WA9RMD;
				INFOPLIST_FILE = colouredWordUITests/Info.plist;
				LD_RUNPATH_SEARCH_PATHS = "$(inherited) @executable_path/Frameworks @loader_path/Frameworks";
				PRODUCT_BUNDLE_IDENTIFIER = KnightClub.colouredWordUITests;
				PRODUCT_NAME = "$(TARGET_NAME)";
				SWIFT_VERSION = 4.0;
				TARGETED_DEVICE_FAMILY = "1,2";
				TEST_TARGET_NAME = colouredWord;
			};
			name = Release;
		};
/* End XCBuildConfiguration section */

/* Begin XCConfigurationList section */
		F5A10FA32034997200CFA307 /* Build configuration list for PBXProject "colouredWord" */ = {
			isa = XCConfigurationList;
			buildConfigurations = (
				F5A10FCE2034997200CFA307 /* Debug */,
				F5A10FCF2034997200CFA307 /* Release */,
			);
			defaultConfigurationIsVisible = 0;
			defaultConfigurationName = Release;
		};
		F5A10FD02034997200CFA307 /* Build configuration list for PBXNativeTarget "colouredWord" */ = {
			isa = XCConfigurationList;
			buildConfigurations = (
				F5A10FD12034997200CFA307 /* Debug */,
				F5A10FD22034997200CFA307 /* Release */,
			);
			defaultConfigurationIsVisible = 0;
			defaultConfigurationName = Release;
		};
		F5A10FD32034997200CFA307 /* Build configuration list for PBXNativeTarget "colouredWordTests" */ = {
			isa = XCConfigurationList;
			buildConfigurations = (
				F5A10FD42034997200CFA307 /* Debug */,
				F5A10FD52034997200CFA307 /* Release */,
			);
			defaultConfigurationIsVisible = 0;
			defaultConfigurationName = Release;
		};
		F5A10FD62034997200CFA307 /* Build configuration list for PBXNativeTarget "colouredWordUITests" */ = {
			isa = XCConfigurationList;
			buildConfigurations = (
				F5A10FD72034997200CFA307 /* Debug */,
				F5A10FD82034997200CFA307 /* Release */,
			);
			defaultConfigurationIsVisible = 0;
			defaultConfigurationName = Release;
		};
/* End XCConfigurationList section */
	};
	rootObject = F5A10FA02034997200CFA307 /* Project object */;
}
